
Microsoft Visual Studio Solution File, Format Version 12.00
# Visual Studio 15
VisualStudioVersion = 15.0.28010.2046
MinimumVisualStudioVersion = 10.0.40219.1
Project("{FAE04EC0-301F-11D3-BF4B-00C04F79EFBC}") = "EasyPipes", "EasyPipes.csproj", "{5B0BE3B6-91C6-4251-BE6C-40A43B9C07FB}"
EndProject
Global
	GlobalSection(SolutionConfigurationPlatforms) = preSolution
		Debug|Any CPU = Debug|Any CPU
		Debug|x86 = Debug|x86
		Release|Any CPU = Release|Any CPU
		Release|x86 = Release|x86
	EndGlobalSection
	GlobalSection(ProjectConfigurationPlatforms) = postSolution
		{5B0BE3B6-91C6-4251-BE6C-40A43B9C07FB}.Debug|Any CPU.ActiveCfg = Debug|Any CPU
		{5B0BE3B6-91C6-4251-BE6C-40A43B9C07FB}.Debug|Any CPU.Build.0 = Debug|Any CPU
		{5B0BE3B6-91C6-4251-BE6C-40A43B9C07FB}.Debug|x86.ActiveCfg = Debug|Any CPU
		{5B0BE3B6-91C6-4251-BE6C-40A43B9C07FB}.Debug|x86.Build.0 = Debug|Any CPU
		{5B0BE3B6-91C6-4251-BE6C-40A43B9C07FB}.Release|Any CPU.ActiveCfg = Release|Any CPU
		{5B0BE3B6-91C6-4251-BE6C-40A43B9C07FB}.Release|Any CPU.Build.0 = Release|Any CPU
		{5B0BE3B6-91C6-4251-BE6C-40A43B9C07FB}.Release|x86.ActiveCfg = Release|Any CPU
		{5B0BE3B6-91C6-4251-BE6C-40A43B9C07FB}.Release|x86.Build.0 = Release|Any CPU
	EndGlobalSection
	GlobalSection(SolutionProperties) = preSolution
		HideSolutionNode = FALSE
	EndGlobalSection
EndGlobal
